{
  "name": "animalsproject",
  "version": "1.0.0",
  "lockfileVersion": 3,
  "requires": true,
  "packages": {
    "": {
      "name": "animalsproject",
      "version": "1.0.0",
      "license": "ISC",
      "dependencies": {
        "animals": "^0.0.3",
        "log.pets": "^0.0.26"
      }
    },
    "node_modules/animals": {
      "version": "0.0.3",
      "resolved": "https://registry.npmjs.org/animals/-/animals-0.0.3.tgz",
      "integrity": "sha512-dng+h/BHEBDbShw/xCDnD/GSgFaQpKaFHTf7AmHnjJDz2Hey2tFT6f8ZbrJSLFZCt2hDqQl6QeAjFBK0UDcOiQ==",
      "dependencies": {
        "minimist": "^0.2.0",
        "unique-random": "^0.1.1"
      },
      "bin": {
        "animals": "cli.js"
      },
      "engines": {
        "node": ">=0.10.0"
      }
    },
    "node_modules/log.pets": {
      "version": "0.0.26",
      "resolved": "https://registry.npmjs.org/log.pets/-/log.pets-0.0.26.tgz",
      "integrity": "sha512-jAQ+Ty8Qvm4tDV0emYhbt1gWPe4fSjyRb5WIGnKKw7jKcxq0c91NXa4I/U/mrENqUC7YQZNCsUIupA3N45bV/g=="
    },
    "node_modules/minimist": {
      "version": "0.2.4",
      "resolved": "https://registry.npmjs.org/minimist/-/minimist-0.2.4.tgz",
      "integrity": "sha512-Pkrrm8NjyQ8yVt8Am9M+yUt74zE3iokhzbG1bFVNjLB92vwM71hf40RkEsryg98BujhVOncKm/C1xROxZ030LQ==",
      "funding": {
        "url": "https://github.com/sponsors/ljharb"
      }
    },
    "node_modules/unique-random": {
      "version": "0.1.1",
      "resolved": "https://registry.npmjs.org/unique-random/-/unique-random-0.1.1.tgz",
      "integrity": "sha512-lwUnHNj3lGKxLWkt6Mv5ZDIFpA68Y3IBstzCmCPjyRRnL7MSFgBfOyU+35RuzgQ7yRAnRw9o25e28YqvpZfYug==",
      "engines": {
        "node": ">=0.8.0"
      }
    }
  }
}
